// !$*UTF8*$!
{
	archiveVersion = 1;
	classes = {
	};
	objectVersion = 55;
	objects = {

/* Begin PBXBuildFile section */
		C11E044628B54BF40008D380 /* FriendsbookApp.swift in Sources */ = {isa = PBXBuildFile; fileRef = C11E044528B54BF40008D380 /* FriendsbookApp.swift */; };
		C11E044828B54BF40008D380 /* HomeView.swift in Sources */ = {isa = PBXBuildFile; fileRef = C11E044728B54BF40008D380 /* HomeView.swift */; };
		C11E044A28B54BF80008D380 /* Assets.xcassets in Resources */ = {isa = PBXBuildFile; fileRef = C11E044928B54BF80008D380 /* Assets.xcassets */; };
		C11E044D28B54BF80008D380 /* Preview Assets.xcassets in Resources */ = {isa = PBXBuildFile; fileRef = C11E044C28B54BF80008D380 /* Preview Assets.xcassets */; };
		C11E045428B54C170008D380 /* FriendsModel.swift in Sources */ = {isa = PBXBuildFile; fileRef = C11E045328B54C170008D380 /* FriendsModel.swift */; };
		C11E045628B54C880008D380 /* FriendsDataModel.swift in Sources */ = {isa = PBXBuildFile; fileRef = C11E045528B54C880008D380 /* FriendsDataModel.swift */; };
		C11E045828B557720008D380 /* UserDetailView.swift in Sources */ = {isa = PBXBuildFile; fileRef = C11E045728B557720008D380 /* UserDetailView.swift */; };
		C1596A0A28BE4CF70012B6EF /* Friendsbook.xcdatamodeld in Sources */ = {isa = PBXBuildFile; fileRef = C1596A0828BE4CF70012B6EF /* Friendsbook.xcdatamodeld */; };
		C1596A0C28BE50140012B6EF /* DataController.swift in Sources */ = {isa = PBXBuildFile; fileRef = C1596A0B28BE50140012B6EF /* DataController.swift */; };
		C1596A4028BF5BBF0012B6EF /* LoadedFriend+CoreDataClass.swift in Sources */ = {isa = PBXBuildFile; fileRef = C1596A3C28BF5BBE0012B6EF /* LoadedFriend+CoreDataClass.swift */; };
		C1596A4128BF5BBF0012B6EF /* LoadedFriend+CoreDataProperties.swift in Sources */ = {isa = PBXBuildFile; fileRef = C1596A3D28BF5BBF0012B6EF /* LoadedFriend+CoreDataProperties.swift */; };
		C1596A4228BF5BBF0012B6EF /* LoadedUser+CoreDataClass.swift in Sources */ = {isa = PBXBuildFile; fileRef = C1596A3E28BF5BBF0012B6EF /* LoadedUser+CoreDataClass.swift */; };
		C1596A4328BF5BBF0012B6EF /* LoadedUser+CoreDataProperties.swift in Sources */ = {isa = PBXBuildFile; fileRef = C1596A3F28BF5BBF0012B6EF /* LoadedUser+CoreDataProperties.swift */; };
		C1596A4528BF63C10012B6EF /* ListView.swift in Sources */ = {isa = PBXBuildFile; fileRef = C1596A4428BF63C10012B6EF /* ListView.swift */; };
		C1596A4728BF652A0012B6EF /* FriendsDetailView.swift in Sources */ = {isa = PBXBuildFile; fileRef = C1596A4628BF652A0012B6EF /* FriendsDetailView.swift */; };
		C1596A4928BF67C00012B6EF /* AvatarImage.swift in Sources */ = {isa = PBXBuildFile; fileRef = C1596A4828BF67C00012B6EF /* AvatarImage.swift */; };
		C1596A4B28BF6CAC0012B6EF /* CustomDivider.swift in Sources */ = {isa = PBXBuildFile; fileRef = C1596A4A28BF6CAC0012B6EF /* CustomDivider.swift */; };
/* End PBXBuildFile section */

/* Begin PBXFileReference section */
		C11E044228B54BF40008D380 /* Friendsbook.app */ = {isa = PBXFileReference; explicitFileType = wrapper.application; includeInIndex = 0; path = Friendsbook.app; sourceTree = BUILT_PRODUCTS_DIR; };
		C11E044528B54BF40008D380 /* FriendsbookApp.swift */ = {isa = PBXFileReference; lastKnownFileType = sourcecode.swift; path = FriendsbookApp.swift; sourceTree = "<group>"; };
		C11E044728B54BF40008D380 /* HomeView.swift */ = {isa = PBXFileReference; lastKnownFileType = sourcecode.swift; path = HomeView.swift; sourceTree = "<group>"; };
		C11E044928B54BF80008D380 /* Assets.xcassets */ = {isa = PBXFileReference; lastKnownFileType = folder.assetcatalog; path = Assets.xcassets; sourceTree = "<group>"; };
		C11E044C28B54BF80008D380 /* Preview Assets.xcassets */ = {isa = PBXFileReference; lastKnownFileType = folder.assetcatalog; path = "Preview Assets.xcassets"; sourceTree = "<group>"; };
		C11E045328B54C170008D380 /* FriendsModel.swift */ = {isa = PBXFileReference; lastKnownFileType = sourcecode.swift; path = FriendsModel.swift; sourceTree = "<group>"; };
		C11E045528B54C880008D380 /* FriendsDataModel.swift */ = {isa = PBXFileReference; lastKnownFileType = sourcecode.swift; path = FriendsDataModel.swift; sourceTree = "<group>"; };
		C11E045728B557720008D380 /* UserDetailView.swift */ = {isa = PBXFileReference; lastKnownFileType = sourcecode.swift; path = UserDetailView.swift; sourceTree = "<group>"; };
		C1596A0928BE4CF70012B6EF /* Friendsbook.xcdatamodel */ = {isa = PBXFileReference; lastKnownFileType = wrapper.xcdatamodel; path = Friendsbook.xcdatamodel; sourceTree = "<group>"; };
		C1596A0B28BE50140012B6EF /* DataController.swift */ = {isa = PBXFileReference; lastKnownFileType = sourcecode.swift; path = DataController.swift; sourceTree = "<group>"; };
		C1596A3C28BF5BBE0012B6EF /* LoadedFriend+CoreDataClass.swift */ = {isa = PBXFileReference; lastKnownFileType = sourcecode.swift; path = "LoadedFriend+CoreDataClass.swift"; sourceTree = SOURCE_ROOT; };
		C1596A3D28BF5BBF0012B6EF /* LoadedFriend+CoreDataProperties.swift */ = {isa = PBXFileReference; lastKnownFileType = sourcecode.swift; path = "LoadedFriend+CoreDataProperties.swift"; sourceTree = SOURCE_ROOT; };
		C1596A3E28BF5BBF0012B6EF /* LoadedUser+CoreDataClass.swift */ = {isa = PBXFileReference; lastKnownFileType = sourcecode.swift; path = "LoadedUser+CoreDataClass.swift"; sourceTree = SOURCE_ROOT; };
		C1596A3F28BF5BBF0012B6EF /* LoadedUser+CoreDataProperties.swift */ = {isa = PBXFileReference; lastKnownFileType = sourcecode.swift; path = "LoadedUser+CoreDataProperties.swift"; sourceTree = SOURCE_ROOT; };
		C1596A4428BF63C10012B6EF /* ListView.swift */ = {isa = PBXFileReference; lastKnownFileType = sourcecode.swift; path = ListView.swift; sourceTree = "<group>"; };
		C1596A4628BF652A0012B6EF /* FriendsDetailView.swift */ = {isa = PBXFileReference; lastKnownFileType = sourcecode.swift; path = FriendsDetailView.swift; sourceTree = "<group>"; };
		C1596A4828BF67C00012B6EF /* AvatarImage.swift */ = {isa = PBXFileReference; lastKnownFileType = sourcecode.swift; path = AvatarImage.swift; sourceTree = "<group>"; };
		C1596A4A28BF6CAC0012B6EF /* CustomDivider.swift */ = {isa = PBXFileReference; lastKnownFileType = sourcecode.swift; path = CustomDivider.swift; sourceTree = "<group>"; };
/* End PBXFileReference section */

/* Begin PBXFrameworksBuildPhase section */
		C11E043F28B54BF40008D380 /* Frameworks */ = {
			isa = PBXFrameworksBuildPhase;
			buildActionMask = 2147483647;
			files = (
			);
			runOnlyForDeploymentPostprocessing = 0;
		};
/* End PBXFrameworksBuildPhase section */

/* Begin PBXGroup section */
		C11E043928B54BF40008D380 = {
			isa = PBXGroup;
			children = (
				C11E044428B54BF40008D380 /* Friendsbook */,
				C11E044328B54BF40008D380 /* Products */,
			);
			sourceTree = "<group>";
		};
		C11E044328B54BF40008D380 /* Products */ = {
			isa = PBXGroup;
			children = (
				C11E044228B54BF40008D380 /* Friendsbook.app */,
			);
			name = Products;
			sourceTree = "<group>";
		};
		C11E044428B54BF40008D380 /* Friendsbook */ = {
			isa = PBXGroup;
			children = (
				C11E044528B54BF40008D380 /* FriendsbookApp.swift */,
				C1596A2528BF35AD0012B6EF /* CoreData */,
				C1596A2628BF35C60012B6EF /* Views */,
				C1596A2728BF35D80012B6EF /* Models */,
				C11E044928B54BF80008D380 /* Assets.xcassets */,
				C1596A0828BE4CF70012B6EF /* Friendsbook.xcdatamodeld */,
				C11E044B28B54BF80008D380 /* Preview Content */,
			);
			path = Friendsbook;
			sourceTree = "<group>";
		};
		C11E044B28B54BF80008D380 /* Preview Content */ = {
			isa = PBXGroup;
			children = (
				C11E044C28B54BF80008D380 /* Preview Assets.xcassets */,
			);
			path = "Preview Content";
			sourceTree = "<group>";
		};
		C1596A2528BF35AD0012B6EF /* CoreData */ = {
			isa = PBXGroup;
			children = (
				C1596A3C28BF5BBE0012B6EF /* LoadedFriend+CoreDataClass.swift */,
				C1596A3E28BF5BBF0012B6EF /* LoadedUser+CoreDataClass.swift */,
				C1596A3D28BF5BBF0012B6EF /* LoadedFriend+CoreDataProperties.swift */,
				C1596A3F28BF5BBF0012B6EF /* LoadedUser+CoreDataProperties.swift */,
				C1596A0B28BE50140012B6EF /* DataController.swift */,
			);
			path = CoreData;
			sourceTree = "<group>";
		};
		C1596A2628BF35C60012B6EF /* Views */ = {
			isa = PBXGroup;
			children = (
				C11E044728B54BF40008D380 /* HomeView.swift */,
				C1596A4428BF63C10012B6EF /* ListView.swift */,
				C1596A4828BF67C00012B6EF /* AvatarImage.swift */,
				C11E045728B557720008D380 /* UserDetailView.swift */,
				C1596A4A28BF6CAC0012B6EF /* CustomDivider.swift */,
				C1596A4628BF652A0012B6EF /* FriendsDetailView.swift */,
			);
			path = Views;
			sourceTree = "<group>";
		};
		C1596A2728BF35D80012B6EF /* Models */ = {
			isa = PBXGroup;
			children = (
				C11E045528B54C880008D380 /* FriendsDataModel.swift */,
				C11E045328B54C170008D380 /* FriendsModel.swift */,
			);
			path = Models;
			sourceTree = "<group>";
		};
/* End PBXGroup section */

/* Begin PBXNativeTarget section */
		C11E044128B54BF40008D380 /* Friendsbook */ = {
			isa = PBXNativeTarget;
			buildConfigurationList = C11E045028B54BF80008D380 /* Build configuration list for PBXNativeTarget "Friendsbook" */;
			buildPhases = (
				C11E043E28B54BF40008D380 /* Sources */,
				C11E043F28B54BF40008D380 /* Frameworks */,
				C11E044028B54BF40008D380 /* Resources */,
			);
			buildRules = (
			);
			dependencies = (
			);
			name = Friendsbook;
			productName = Friendsbook;
			productReference = C11E044228B54BF40008D380 /* Friendsbook.app */;
			productType = "com.apple.product-type.application";
		};
/* End PBXNativeTarget section */

/* Begin PBXProject section */
		C11E043A28B54BF40008D380 /* Project object */ = {
			isa = PBXProject;
			attributes = {
				BuildIndependentTargetsInParallel = 1;
				LastSwiftUpdateCheck = 1340;
				LastUpgradeCheck = 1340;
				TargetAttributes = {
					C11E044128B54BF40008D380 = {
						CreatedOnToolsVersion = 13.4.1;
					};
				};
			};
			buildConfigurationList = C11E043D28B54BF40008D380 /* Build configuration list for PBXProject "Friendsbook" */;
			compatibilityVersion = "Xcode 13.0";
			developmentRegion = en;
			hasScannedForEncodings = 0;
			knownRegions = (
				en,
				Base,
			);
			mainGroup = C11E043928B54BF40008D380;
			productRefGroup = C11E044328B54BF40008D380 /* Products */;
			projectDirPath = "";
			projectRoot = "";
			targets = (
				C11E044128B54BF40008D380 /* Friendsbook */,
			);
		};
/* End PBXProject section */

/* Begin PBXResourcesBuildPhase section */
		C11E044028B54BF40008D380 /* Resources */ = {
			isa = PBXResourcesBuildPhase;
			buildActionMask = 2147483647;
			files = (
				C11E044D28B54BF80008D380 /* Preview Assets.xcassets in Resources */,
				C11E044A28B54BF80008D380 /* Assets.xcassets in Resources */,
			);
			runOnlyForDeploymentPostprocessing = 0;
		};
/* End PBXResourcesBuildPhase section */

/* Begin PBXSourcesBuildPhase section */
		C11E043E28B54BF40008D380 /* Sources */ = {
			isa = PBXSourcesBuildPhase;
			buildActionMask = 2147483647;
			files = (
				C1596A4028BF5BBF0012B6EF /* LoadedFriend+CoreDataClass.swift in Sources */,
				C1596A0C28BE50140012B6EF /* DataController.swift in Sources */,
				C11E045428B54C170008D380 /* FriendsModel.swift in Sources */,
				C1596A4728BF652A0012B6EF /* FriendsDetailView.swift in Sources */,
				C11E044828B54BF40008D380 /* HomeView.swift in Sources */,
				C1596A4128BF5BBF0012B6EF /* LoadedFriend+CoreDataProperties.swift in Sources */,
				C1596A4228BF5BBF0012B6EF /* LoadedUser+CoreDataClass.swift in Sources */,
				C1596A0A28BE4CF70012B6EF /* Friendsbook.xcdatamodeld in Sources */,
				C1596A4928BF67C00012B6EF /* AvatarImage.swift in Sources */,
				C11E044628B54BF40008D380 /* FriendsbookApp.swift in Sources */,
				C1596A4528BF63C10012B6EF /* ListView.swift in Sources */,
				C11E045828B557720008D380 /* UserDetailView.swift in Sources */,
				C11E045628B54C880008D380 /* FriendsDataModel.swift in Sources */,
				C1596A4328BF5BBF0012B6EF /* LoadedUser+CoreDataProperties.swift in Sources */,
				C1596A4B28BF6CAC0012B6EF /* CustomDivider.swift in Sources */,
			);
			runOnlyForDeploymentPostprocessing = 0;
		};
/* End PBXSourcesBuildPhase section */

/* Begin XCBuildConfiguration section */
		C11E044E28B54BF80008D380 /* Debug */ = {
			isa = XCBuildConfiguration;
			buildSettings = {
				ALWAYS_SEARCH_USER_PATHS = NO;
				CLANG_ANALYZER_NONNULL = YES;
				CLANG_ANALYZER_NUMBER_OBJECT_CONVERSION = YES_AGGRESSIVE;
				CLANG_CXX_LANGUAGE_STANDARD = "gnu++17";
				CLANG_ENABLE_MODULES = YES;
				CLANG_ENABLE_OBJC_ARC = YES;
				CLANG_ENABLE_OBJC_WEAK = YES;
				CLANG_WARN_BLOCK_CAPTURE_AUTORELEASING = YES;
				CLANG_WARN_BOOL_CONVERSION = YES;
				CLANG_WARN_COMMA = YES;
				CLANG_WARN_CONSTANT_CONVERSION = YES;
				CLANG_WARN_DEPRECATED_OBJC_IMPLEMENTATIONS = YES;
				CLANG_WARN_DIRECT_OBJC_ISA_USAGE = YES_ERROR;
				CLANG_WARN_DOCUMENTATION_COMMENTS = YES;
				CLANG_WARN_EMPTY_BODY = YES;
				CLANG_WARN_ENUM_CONVERSION = YES;
				CLANG_WARN_INFINITE_RECURSION = YES;
				CLANG_WARN_INT_CONVERSION = YES;
				CLANG_WARN_NON_LITERAL_NULL_CONVERSION = YES;
				CLANG_WARN_OBJC_IMPLICIT_RETAIN_SELF = YES;
				CLANG_WARN_OBJC_LITERAL_CONVERSION = YES;
				CLANG_WARN_OBJC_ROOT_CLASS = YES_ERROR;
				CLANG_WARN_QUOTED_INCLUDE_IN_FRAMEWORK_HEADER = YES;
				CLANG_WARN_RANGE_LOOP_ANALYSIS = YES;
				CLANG_WARN_STRICT_PROTOTYPES = YES;
				CLANG_WARN_SUSPICIOUS_MOVE = YES;
				CLANG_WARN_UNGUARDED_AVAILABILITY = YES_AGGRESSIVE;
				CLANG_WARN_UNREACHABLE_CODE = YES;
				CLANG_WARN__DUPLICATE_METHOD_MATCH = YES;
				COPY_PHASE_STRIP = NO;
				DEBUG_INFORMATION_FORMAT = dwarf;
				ENABLE_STRICT_OBJC_MSGSEND = YES;
				ENABLE_TESTABILITY = YES;
				GCC_C_LANGUAGE_STANDARD = gnu11;
				GCC_DYNAMIC_NO_PIC = NO;
				GCC_NO_COMMON_BLOCKS = YES;
				GCC_OPTIMIZATION_LEVEL = 0;
				GCC_PREPROCESSOR_DEFINITIONS = (
					"DEBUG=1",
					"$(inherited)",
				);
				GCC_WARN_64_TO_32_BIT_CONVERSION = YES;
				GCC_WARN_ABOUT_RETURN_TYPE = YES_ERROR;
				GCC_WARN_UNDECLARED_SELECTOR = YES;
				GCC_WARN_UNINITIALIZED_AUTOS = YES_AGGRESSIVE;
				GCC_WARN_UNUSED_FUNCTION = YES;
				GCC_WARN_UNUSED_VARIABLE = YES;
				IPHONEOS_DEPLOYMENT_TARGET = 15.5;
				MTL_ENABLE_DEBUG_INFO = INCLUDE_SOURCE;
				MTL_FAST_MATH = YES;
				ONLY_ACTIVE_ARCH = YES;
				SDKROOT = iphoneos;
				SWIFT_ACTIVE_COMPILATION_CONDITIONS = DEBUG;
				SWIFT_OPTIMIZATION_LEVEL = "-Onone";
			};
			name = Debug;
		};
		C11E044F28B54BF80008D380 /* Release */ = {
			isa = XCBuildConfiguration;
			buildSettings = {
				ALWAYS_SEARCH_USER_PATHS = NO;
				CLANG_ANALYZER_NONNULL = YES;
				CLANG_ANALYZER_NUMBER_OBJECT_CONVERSION = YES_AGGRESSIVE;
				CLANG_CXX_LANGUAGE_STANDARD = "gnu++17";
				CLANG_ENABLE_MODULES = YES;
				CLANG_ENABLE_OBJC_ARC = YES;
				CLANG_ENABLE_OBJC_WEAK = YES;
				CLANG_WARN_BLOCK_CAPTURE_AUTORELEASING = YES;
				CLANG_WARN_BOOL_CONVERSION = YES;
				CLANG_WARN_COMMA = YES;
				CLANG_WARN_CONSTANT_CONVERSION = YES;
				CLANG_WARN_DEPRECATED_OBJC_IMPLEMENTATIONS = YES;
				CLANG_WARN_DIRECT_OBJC_ISA_USAGE = YES_ERROR;
				CLANG_WARN_DOCUMENTATION_COMMENTS = YES;
				CLANG_WARN_EMPTY_BODY = YES;
				CLANG_WARN_ENUM_CONVERSION = YES;
				CLANG_WARN_INFINITE_RECURSION = YES;
				CLANG_WARN_INT_CONVERSION = YES;
				CLANG_WARN_NON_LITERAL_NULL_CONVERSION = YES;
				CLANG_WARN_OBJC_IMPLICIT_RETAIN_SELF = YES;
				CLANG_WARN_OBJC_LITERAL_CONVERSION = YES;
				CLANG_WARN_OBJC_ROOT_CLASS = YES_ERROR;
				CLANG_WARN_QUOTED_INCLUDE_IN_FRAMEWORK_HEADER = YES;
				CLANG_WARN_RANGE_LOOP_ANALYSIS = YES;
				CLANG_WARN_STRICT_PROTOTYPES = YES;
				CLANG_WARN_SUSPICIOUS_MOVE = YES;
				CLANG_WARN_UNGUARDED_AVAILABILITY = YES_AGGRESSIVE;
				CLANG_WARN_UNREACHABLE_CODE = YES;
				CLANG_WARN__DUPLICATE_METHOD_MATCH = YES;
				COPY_PHASE_STRIP = NO;
				DEBUG_INFORMATION_FORMAT = "dwarf-with-dsym";
				ENABLE_NS_ASSERTIONS = NO;
				ENABLE_STRICT_OBJC_MSGSEND = YES;
				GCC_C_LANGUAGE_STANDARD = gnu11;
				GCC_NO_COMMON_BLOCKS = YES;
				GCC_WARN_64_TO_32_BIT_CONVERSION = YES;
				GCC_WARN_ABOUT_RETURN_TYPE = YES_ERROR;
				GCC_WARN_UNDECLARED_SELECTOR = YES;
				GCC_WARN_UNINITIALIZED_AUTOS = YES_AGGRESSIVE;
				GCC_WARN_UNUSED_FUNCTION = YES;
				GCC_WARN_UNUSED_VARIABLE = YES;
				IPHONEOS_DEPLOYMENT_TARGET = 15.5;
				MTL_ENABLE_DEBUG_INFO = NO;
				MTL_FAST_MATH = YES;
				SDKROOT = iphoneos;
				SWIFT_COMPILATION_MODE = wholemodule;
				SWIFT_OPTIMIZATION_LEVEL = "-O";
				VALIDATE_PRODUCT = YES;
			};
			name = Release;
		};
		C11E045128B54BF80008D380 /* Debug */ = {
			isa = XCBuildConfiguration;
			buildSettings = {
				ASSETCATALOG_COMPILER_APPICON_NAME = AppIcon;
				ASSETCATALOG_COMPILER_GLOBAL_ACCENT_COLOR_NAME = AccentColor;
				CODE_SIGN_STYLE = Automatic;
				CURRENT_PROJECT_VERSION = 1;
				DEVELOPMENT_ASSET_PATHS = "\"Friendsbook/Preview Content\"";
				DEVELOPMENT_TEAM = UL7NN3WF47;
				ENABLE_PREVIEWS = YES;
				GENERATE_INFOPLIST_FILE = YES;
				INFOPLIST_KEY_UIApplicationSceneManifest_Generation = YES;
				INFOPLIST_KEY_UIApplicationSupportsIndirectInputEvents = YES;
				INFOPLIST_KEY_UILaunchScreen_Generation = YES;
				INFOPLIST_KEY_UISupportedInterfaceOrientations_iPad = "UIInterfaceOrientationPortrait UIInterfaceOrientationPortraitUpsideDown UIInterfaceOrientationLandscapeLeft UIInterfaceOrientationLandscapeRight";
				INFOPLIST_KEY_UISupportedInterfaceOrientations_iPhone = "UIInterfaceOrientationPortrait UIInterfaceOrientationLandscapeLeft UIInterfaceOrientationLandscapeRight";
				LD_RUNPATH_SEARCH_PATHS = (
					"$(inherited)",
					"@executable_path/Frameworks",
				);
				MARKETING_VERSION = 1.0;
				PRODUCT_BUNDLE_IDENTIFIER = gunchaswf.Friendsbook;
				PRODUCT_NAME = "$(TARGET_NAME)";
				SWIFT_EMIT_LOC_STRINGS = YES;
				SWIFT_VERSION = 5.0;
				TARGETED_DEVICE_FAMILY = "1,2";
			};
			name = Debug;
		};
		C11E045228B54BF80008D380 /* Release */ = {
			isa = XCBuildConfiguration;
			buildSettings = {
				ASSETCATALOG_COMPILER_APPICON_NAME = AppIcon;
				ASSETCATALOG_COMPILER_GLOBAL_ACCENT_COLOR_NAME = AccentColor;
				CODE_SIGN_STYLE = Automatic;
				CURRENT_PROJECT_VERSION = 1;
				DEVELOPMENT_ASSET_PATHS = "\"Friendsbook/Preview Content\"";
				DEVELOPMENT_TEAM = UL7NN3WF47;
				ENABLE_PREVIEWS = YES;
				GENERATE_INFOPLIST_FILE = YES;
				INFOPLIST_KEY_UIApplicationSceneManifest_Generation = YES;
				INFOPLIST_KEY_UIApplicationSupportsIndirectInputEvents = YES;
				INFOPLIST_KEY_UILaunchScreen_Generation = YES;
				INFOPLIST_KEY_UISupportedInterfaceOrientations_iPad = "UIInterfaceOrientationPortrait UIInterfaceOrientationPortraitUpsideDown UIInterfaceOrientationLandscapeLeft UIInterfaceOrientationLandscapeRight";
				INFOPLIST_KEY_UISupportedInterfaceOrientations_iPhone = "UIInterfaceOrientationPortrait UIInterfaceOrientationLandscapeLeft UIInterfaceOrientationLandscapeRight";
				LD_RUNPATH_SEARCH_PATHS = (
					"$(inherited)",
					"@executable_path/Frameworks",
				);
				MARKETING_VERSION = 1.0;
				PRODUCT_BUNDLE_IDENTIFIER = gunchaswf.Friendsbook;
				PRODUCT_NAME = "$(TARGET_NAME)";
				SWIFT_EMIT_LOC_STRINGS = YES;
				SWIFT_VERSION = 5.0;
				TARGETED_DEVICE_FAMILY = "1,2";
			};
			name = Release;
		};
/* End XCBuildConfiguration section */

/* Begin XCConfigurationList section */
		C11E043D28B54BF40008D380 /* Build configuration list for PBXProject "Friendsbook" */ = {
			isa = XCConfigurationList;
			buildConfigurations = (
				C11E044E28B54BF80008D380 /* Debug */,
				C11E044F28B54BF80008D380 /* Release */,
			);
			defaultConfigurationIsVisible = 0;
			defaultConfigurationName = Release;
		};
		C11E045028B54BF80008D380 /* Build configuration list for PBXNativeTarget "Friendsbook" */ = {
			isa = XCConfigurationList;
			buildConfigurations = (
				C11E045128B54BF80008D380 /* Debug */,
				C11E045228B54BF80008D380 /* Release */,
			);
			defaultConfigurationIsVisible = 0;
			defaultConfigurationName = Release;
		};
/* End XCConfigurationList section */

/* Begin XCVersionGroup section */
		C1596A0828BE4CF70012B6EF /* Friendsbook.xcdatamodeld */ = {
			isa = XCVersionGroup;
			children = (
				C1596A0928BE4CF70012B6EF /* Friendsbook.xcdatamodel */,
			);
			currentVersion = C1596A0928BE4CF70012B6EF /* Friendsbook.xcdatamodel */;
			path = Friendsbook.xcdatamodeld;
			sourceTree = "<group>";
			versionGroupType = wrapper.xcdatamodel;
		};
/* End XCVersionGroup section */
	};
	rootObject = C11E043A28B54BF40008D380 /* Project object */;
}
